
Microsoft Visual Studio Solution File, Format Version 10.00
# Visual Studio 2008
Project("{FAE04EC0-301F-11D3-BF4B-00C04F79EFBC}") = "wordcut2", "wordcut2\wordcut2.csproj", "{125AD2BD-3795-4DBF-8DA0-3D1DD6A3A822}"
EndProject
Global
	GlobalSection(SolutionConfigurationPlatforms) = preSolution
		Debug|Any CPU = Debug|Any CPU
		Release|Any CPU = Release|Any CPU
	EndGlobalSection
	GlobalSection(ProjectConfigurationPlatforms) = postSolution
		{125AD2BD-3795-4DBF-8DA0-3D1DD6A3A822}.Debug|Any CPU.ActiveCfg = Debug|Any CPU
		{125AD2BD-3795-4DBF-8DA0-3D1DD6A3A822}.Debug|Any CPU.Build.0 = Debug|Any CPU
		{125AD2BD-3795-4DBF-8DA0-3D1DD6A3A822}.Release|Any CPU.ActiveCfg = Release|Any CPU
		{125AD2BD-3795-4DBF-8DA0-3D1DD6A3A822}.Release|Any CPU.Build.0 = Release|Any CPU
	EndGlobalSection
	GlobalSection(SolutionProperties) = preSolution
		HideSolutionNode = FALSE
	EndGlobalSection
EndGlobal
